
Microsoft Visual Studio Solution File, Format Version 12.00
# Visual Studio Version 17
VisualStudioVersion = 17.2.32616.157
MinimumVisualStudioVersion = 10.0.40219.1
Project("{FAE04EC0-301F-11D3-BF4B-00C04F79EFBC}") = "GraphQLDemo.API", "GraphQLDemo.API\GraphQLDemo.API.csproj", "{CAF5214F-D408-4E6D-AD3D-9B3E3AAFAD7B}"
EndProject
Global
	GlobalSection(SolutionConfigurationPlatforms) = preSolution
		Debug|Any CPU = Debug|Any CPU
		Release|Any CPU = Release|Any CPU
	EndGlobalSection
	GlobalSection(ProjectConfigurationPlatforms) = postSolution
		{CAF5214F-D408-4E6D-AD3D-9B3E3AAFAD7B}.Debug|Any CPU.ActiveCfg = Debug|Any CPU
		{CAF5214F-D408-4E6D-AD3D-9B3E3AAFAD7B}.Debug|Any CPU.Build.0 = Debug|Any CPU
		{CAF5214F-D408-4E6D-AD3D-9B3E3AAFAD7B}.Release|Any CPU.ActiveCfg = Release|Any CPU
		{CAF5214F-D408-4E6D-AD3D-9B3E3AAFAD7B}.Release|Any CPU.Build.0 = Release|Any CPU
	EndGlobalSection
	GlobalSection(SolutionProperties) = preSolution
		HideSolutionNode = FALSE
	EndGlobalSection
	GlobalSection(ExtensibilityGlobals) = postSolution
		SolutionGuid = {EEE15679-80A7-4710-ABC0-2B18B863EBB9}
	EndGlobalSection
EndGlobal
